// !$*UTF8*$!
{
	archiveVersion = 1;
	classes = {
	};
	objectVersion = 55;
	objects = {

/* Begin PBXBuildFile section */
		4A290C8B29197288008AC4AE /* FinalProjectApp.swift in Sources */ = {isa = PBXBuildFile; fileRef = 4A290C8A29197288008AC4AE /* FinalProjectApp.swift */; };
		4A290C8D29197289008AC4AE /* ContentView.swift in Sources */ = {isa = PBXBuildFile; fileRef = 4A290C8C29197289008AC4AE /* ContentView.swift */; };
		4A290C8F29197289008AC4AE /* Assets.xcassets in Resources */ = {isa = PBXBuildFile; fileRef = 4A290C8E29197289008AC4AE /* Assets.xcassets */; };
		4A290C9229197289008AC4AE /* Preview Assets.xcassets in Resources */ = {isa = PBXBuildFile; fileRef = 4A290C9129197289008AC4AE /* Preview Assets.xcassets */; };
		4A290C9D291973EA008AC4AE /* ExploreView.swift in Sources */ = {isa = PBXBuildFile; fileRef = 4A290C9C291973EA008AC4AE /* ExploreView.swift */; };
		4A290CA029197402008AC4AE /* SavedView.swift in Sources */ = {isa = PBXBuildFile; fileRef = 4A290C9F29197402008AC4AE /* SavedView.swift */; };
		4A290CA22919741D008AC4AE /* ProfileView.swift in Sources */ = {isa = PBXBuildFile; fileRef = 4A290CA12919741D008AC4AE /* ProfileView.swift */; };
		4A290CA42919B42F008AC4AE /* schools.json in Resources */ = {isa = PBXBuildFile; fileRef = 4A290CA32919B42F008AC4AE /* schools.json */; };
		4A290CA62919B6CD008AC4AE /* ViewModel.swift in Sources */ = {isa = PBXBuildFile; fileRef = 4A290CA52919B6CD008AC4AE /* ViewModel.swift */; };
		4A290CA82919B6E5008AC4AE /* SchoolModel.swift in Sources */ = {isa = PBXBuildFile; fileRef = 4A290CA72919B6E5008AC4AE /* SchoolModel.swift */; };
		4A290CC6291A22C5008AC4AE /* SchoolCard.swift in Sources */ = {isa = PBXBuildFile; fileRef = 4A290CC5291A22C5008AC4AE /* SchoolCard.swift */; };
		4A290CC8291A25BE008AC4AE /* ListSchoolView.swift in Sources */ = {isa = PBXBuildFile; fileRef = 4A290CC7291A25BE008AC4AE /* ListSchoolView.swift */; };
		4A290CCA291B0D70008AC4AE /* SideMenu.swift in Sources */ = {isa = PBXBuildFile; fileRef = 4A290CC9291B0D70008AC4AE /* SideMenu.swift */; };
		4A290CF0292327DA008AC4AE /* CardView.swift in Sources */ = {isa = PBXBuildFile; fileRef = 4A290CEF292327DA008AC4AE /* CardView.swift */; };
		BA22ED5129231E3E00D81EC3 /* DetailView.swift in Sources */ = {isa = PBXBuildFile; fileRef = BA22ED5029231E3E00D81EC3 /* DetailView.swift */; };
		BA22ED53292347BA00D81EC3 /* MapView.swift in Sources */ = {isa = PBXBuildFile; fileRef = BA22ED52292347BA00D81EC3 /* MapView.swift */; };
		BA22ED55292347DD00D81EC3 /* WebView.swift in Sources */ = {isa = PBXBuildFile; fileRef = BA22ED54292347DD00D81EC3 /* WebView.swift */; };
		BA22ED57292BE47700D81EC3 /* SettingsView.swift in Sources */ = {isa = PBXBuildFile; fileRef = BA22ED56292BE47700D81EC3 /* SettingsView.swift */; };
		BA22ED59292BE8FF00D81EC3 /* EditCardView.swift in Sources */ = {isa = PBXBuildFile; fileRef = BA22ED58292BE8FF00D81EC3 /* EditCardView.swift */; };
/* End PBXBuildFile section */

/* Begin PBXFileReference section */
		4A290C8729197288008AC4AE /* FinalProject.app */ = {isa = PBXFileReference; explicitFileType = wrapper.application; includeInIndex = 0; path = FinalProject.app; sourceTree = BUILT_PRODUCTS_DIR; };
		4A290C8A29197288008AC4AE /* FinalProjectApp.swift */ = {isa = PBXFileReference; lastKnownFileType = sourcecode.swift; path = FinalProjectApp.swift; sourceTree = "<group>"; };
		4A290C8C29197289008AC4AE /* ContentView.swift */ = {isa = PBXFileReference; lastKnownFileType = sourcecode.swift; path = ContentView.swift; sourceTree = "<group>"; };
		4A290C8E29197289008AC4AE /* Assets.xcassets */ = {isa = PBXFileReference; lastKnownFileType = folder.assetcatalog; name = Assets.xcassets; path = FinalProject/Assets.xcassets; sourceTree = SOURCE_ROOT; };
		4A290C9129197289008AC4AE /* Preview Assets.xcassets */ = {isa = PBXFileReference; lastKnownFileType = folder.assetcatalog; path = "Preview Assets.xcassets"; sourceTree = "<group>"; };
		4A290C9C291973EA008AC4AE /* ExploreView.swift */ = {isa = PBXFileReference; lastKnownFileType = sourcecode.swift; path = ExploreView.swift; sourceTree = "<group>"; };
		4A290C9F29197402008AC4AE /* SavedView.swift */ = {isa = PBXFileReference; lastKnownFileType = sourcecode.swift; path = SavedView.swift; sourceTree = "<group>"; };
		4A290CA12919741D008AC4AE /* ProfileView.swift */ = {isa = PBXFileReference; lastKnownFileType = sourcecode.swift; path = ProfileView.swift; sourceTree = "<group>"; };
		4A290CA32919B42F008AC4AE /* schools.json */ = {isa = PBXFileReference; lastKnownFileType = text.json; path = schools.json; sourceTree = "<group>"; };
		4A290CA52919B6CD008AC4AE /* ViewModel.swift */ = {isa = PBXFileReference; lastKnownFileType = sourcecode.swift; path = ViewModel.swift; sourceTree = "<group>"; };
		4A290CA72919B6E5008AC4AE /* SchoolModel.swift */ = {isa = PBXFileReference; lastKnownFileType = sourcecode.swift; path = SchoolModel.swift; sourceTree = "<group>"; };
		4A290CC5291A22C5008AC4AE /* SchoolCard.swift */ = {isa = PBXFileReference; lastKnownFileType = sourcecode.swift; path = SchoolCard.swift; sourceTree = "<group>"; };
		4A290CC7291A25BE008AC4AE /* ListSchoolView.swift */ = {isa = PBXFileReference; lastKnownFileType = sourcecode.swift; path = ListSchoolView.swift; sourceTree = "<group>"; };
		4A290CC9291B0D70008AC4AE /* SideMenu.swift */ = {isa = PBXFileReference; lastKnownFileType = sourcecode.swift; path = SideMenu.swift; sourceTree = "<group>"; };
		4A290CEF292327DA008AC4AE /* CardView.swift */ = {isa = PBXFileReference; lastKnownFileType = sourcecode.swift; path = CardView.swift; sourceTree = "<group>"; };
		BA22ED5029231E3E00D81EC3 /* DetailView.swift */ = {isa = PBXFileReference; lastKnownFileType = sourcecode.swift; path = DetailView.swift; sourceTree = "<group>"; };
		BA22ED52292347BA00D81EC3 /* MapView.swift */ = {isa = PBXFileReference; lastKnownFileType = sourcecode.swift; path = MapView.swift; sourceTree = "<group>"; };
		BA22ED54292347DD00D81EC3 /* WebView.swift */ = {isa = PBXFileReference; lastKnownFileType = sourcecode.swift; path = WebView.swift; sourceTree = "<group>"; };
		BA22ED56292BE47700D81EC3 /* SettingsView.swift */ = {isa = PBXFileReference; lastKnownFileType = sourcecode.swift; path = SettingsView.swift; sourceTree = "<group>"; };
		BA22ED58292BE8FF00D81EC3 /* EditCardView.swift */ = {isa = PBXFileReference; lastKnownFileType = sourcecode.swift; path = EditCardView.swift; sourceTree = "<group>"; };
/* End PBXFileReference section */

/* Begin PBXFrameworksBuildPhase section */
		4A290C8429197288008AC4AE /* Frameworks */ = {
			isa = PBXFrameworksBuildPhase;
			buildActionMask = 2147483647;
			files = (
			);
			runOnlyForDeploymentPostprocessing = 0;
		};
/* End PBXFrameworksBuildPhase section */

/* Begin PBXGroup section */
		4A290C7E29197288008AC4AE = {
			isa = PBXGroup;
			children = (
				4A290CA32919B42F008AC4AE /* schools.json */,
				4A290C8929197288008AC4AE /* FinalProject */,
				4A290C8829197288008AC4AE /* Products */,
			);
			sourceTree = "<group>";
		};
		4A290C8829197288008AC4AE /* Products */ = {
			isa = PBXGroup;
			children = (
				4A290C8729197288008AC4AE /* FinalProject.app */,
			);
			name = Products;
			sourceTree = "<group>";
		};
		4A290C8929197288008AC4AE /* FinalProject */ = {
			isa = PBXGroup;
			children = (
				4A290C9B291972B2008AC4AE /* Models */,
				4A290C9A291972A8008AC4AE /* Views */,
				4A290C992919729F008AC4AE /* ViewModels */,
				4A290C8A29197288008AC4AE /* FinalProjectApp.swift */,
				4A290C8E29197289008AC4AE /* Assets.xcassets */,
				4A290C9029197289008AC4AE /* Preview Content */,
			);
			path = FinalProject;
			sourceTree = "<group>";
		};
		4A290C9029197289008AC4AE /* Preview Content */ = {
			isa = PBXGroup;
			children = (
				4A290C9129197289008AC4AE /* Preview Assets.xcassets */,
			);
			path = "Preview Content";
			sourceTree = "<group>";
		};
		4A290C992919729F008AC4AE /* ViewModels */ = {
			isa = PBXGroup;
			children = (
				4A290CA52919B6CD008AC4AE /* ViewModel.swift */,
			);
			path = ViewModels;
			sourceTree = "<group>";
		};
		4A290C9A291972A8008AC4AE /* Views */ = {
			isa = PBXGroup;
			children = (
				4A290C8C29197289008AC4AE /* ContentView.swift */,
				4A290C9C291973EA008AC4AE /* ExploreView.swift */,
				4A290C9F29197402008AC4AE /* SavedView.swift */,
				4A290CA12919741D008AC4AE /* ProfileView.swift */,
				4A290CC5291A22C5008AC4AE /* SchoolCard.swift */,
				4A290CC7291A25BE008AC4AE /* ListSchoolView.swift */,
				4A290CC9291B0D70008AC4AE /* SideMenu.swift */,
				BA22ED5029231E3E00D81EC3 /* DetailView.swift */,
				BA22ED52292347BA00D81EC3 /* MapView.swift */,
				BA22ED54292347DD00D81EC3 /* WebView.swift */,
				4A290CEF292327DA008AC4AE /* CardView.swift */,
				BA22ED56292BE47700D81EC3 /* SettingsView.swift */,
				BA22ED58292BE8FF00D81EC3 /* EditCardView.swift */,
			);
			path = Views;
			sourceTree = "<group>";
		};
		4A290C9B291972B2008AC4AE /* Models */ = {
			isa = PBXGroup;
			children = (
				4A290CA72919B6E5008AC4AE /* SchoolModel.swift */,
			);
			path = Models;
			sourceTree = "<group>";
		};
/* End PBXGroup section */

/* Begin PBXNativeTarget section */
		4A290C8629197288008AC4AE /* FinalProject */ = {
			isa = PBXNativeTarget;
			buildConfigurationList = 4A290C9529197289008AC4AE /* Build configuration list for PBXNativeTarget "FinalProject" */;
			buildPhases = (
				4A290C8329197288008AC4AE /* Sources */,
				4A290C8429197288008AC4AE /* Frameworks */,
				4A290C8529197288008AC4AE /* Resources */,
			);
			buildRules = (
			);
			dependencies = (
			);
			name = FinalProject;
			productName = FinalProject;
			productReference = 4A290C8729197288008AC4AE /* FinalProject.app */;
			productType = "com.apple.product-type.application";
		};
/* End PBXNativeTarget section */

/* Begin PBXProject section */
		4A290C7F29197288008AC4AE /* Project object */ = {
			isa = PBXProject;
			attributes = {
				BuildIndependentTargetsInParallel = 1;
				LastSwiftUpdateCheck = 1340;
				LastUpgradeCheck = 1340;
				TargetAttributes = {
					4A290C8629197288008AC4AE = {
						CreatedOnToolsVersion = 13.4.1;
					};
				};
			};
			buildConfigurationList = 4A290C8229197288008AC4AE /* Build configuration list for PBXProject "StudyDate" */;
			compatibilityVersion = "Xcode 13.0";
			developmentRegion = en;
			hasScannedForEncodings = 0;
			knownRegions = (
				en,
				Base,
			);
			mainGroup = 4A290C7E29197288008AC4AE;
			productRefGroup = 4A290C8829197288008AC4AE /* Products */;
			projectDirPath = "";
			projectRoot = "";
			targets = (
				4A290C8629197288008AC4AE /* FinalProject */,
			);
		};
/* End PBXProject section */

/* Begin PBXResourcesBuildPhase section */
		4A290C8529197288008AC4AE /* Resources */ = {
			isa = PBXResourcesBuildPhase;
			buildActionMask = 2147483647;
			files = (
				4A290CA42919B42F008AC4AE /* schools.json in Resources */,
				4A290C9229197289008AC4AE /* Preview Assets.xcassets in Resources */,
				4A290C8F29197289008AC4AE /* Assets.xcassets in Resources */,
			);
			runOnlyForDeploymentPostprocessing = 0;
		};
/* End PBXResourcesBuildPhase section */

/* Begin PBXSourcesBuildPhase section */
		4A290C8329197288008AC4AE /* Sources */ = {
			isa = PBXSourcesBuildPhase;
			buildActionMask = 2147483647;
			files = (
				BA22ED57292BE47700D81EC3 /* SettingsView.swift in Sources */,
				4A290CA029197402008AC4AE /* SavedView.swift in Sources */,
				BA22ED53292347BA00D81EC3 /* MapView.swift in Sources */,
				BA22ED55292347DD00D81EC3 /* WebView.swift in Sources */,
				4A290C8D29197289008AC4AE /* ContentView.swift in Sources */,
				4A290CA22919741D008AC4AE /* ProfileView.swift in Sources */,
				4A290C9D291973EA008AC4AE /* ExploreView.swift in Sources */,
				4A290CA82919B6E5008AC4AE /* SchoolModel.swift in Sources */,
				BA22ED59292BE8FF00D81EC3 /* EditCardView.swift in Sources */,
				BA22ED5129231E3E00D81EC3 /* DetailView.swift in Sources */,
				4A290CC8291A25BE008AC4AE /* ListSchoolView.swift in Sources */,
				4A290CC6291A22C5008AC4AE /* SchoolCard.swift in Sources */,
				4A290CCA291B0D70008AC4AE /* SideMenu.swift in Sources */,
				4A290CA62919B6CD008AC4AE /* ViewModel.swift in Sources */,
				4A290CF0292327DA008AC4AE /* CardView.swift in Sources */,
				4A290C8B29197288008AC4AE /* FinalProjectApp.swift in Sources */,
			);
			runOnlyForDeploymentPostprocessing = 0;
		};
/* End PBXSourcesBuildPhase section */

/* Begin XCBuildConfiguration section */
		4A290C9329197289008AC4AE /* Debug */ = {
			isa = XCBuildConfiguration;
			buildSettings = {
				ALWAYS_SEARCH_USER_PATHS = NO;
				CLANG_ANALYZER_NONNULL = YES;
				CLANG_ANALYZER_NUMBER_OBJECT_CONVERSION = YES_AGGRESSIVE;
				CLANG_CXX_LANGUAGE_STANDARD = "gnu++17";
				CLANG_ENABLE_MODULES = YES;
				CLANG_ENABLE_OBJC_ARC = YES;
				CLANG_ENABLE_OBJC_WEAK = YES;
				CLANG_WARN_BLOCK_CAPTURE_AUTORELEASING = YES;
				CLANG_WARN_BOOL_CONVERSION = YES;
				CLANG_WARN_COMMA = YES;
				CLANG_WARN_CONSTANT_CONVERSION = YES;
				CLANG_WARN_DEPRECATED_OBJC_IMPLEMENTATIONS = YES;
				CLANG_WARN_DIRECT_OBJC_ISA_USAGE = YES_ERROR;
				CLANG_WARN_DOCUMENTATION_COMMENTS = YES;
				CLANG_WARN_EMPTY_BODY = YES;
				CLANG_WARN_ENUM_CONVERSION = YES;
				CLANG_WARN_INFINITE_RECURSION = YES;
				CLANG_WARN_INT_CONVERSION = YES;
				CLANG_WARN_NON_LITERAL_NULL_CONVERSION = YES;
				CLANG_WARN_OBJC_IMPLICIT_RETAIN_SELF = YES;
				CLANG_WARN_OBJC_LITERAL_CONVERSION = YES;
				CLANG_WARN_OBJC_ROOT_CLASS = YES_ERROR;
				CLANG_WARN_QUOTED_INCLUDE_IN_FRAMEWORK_HEADER = YES;
				CLANG_WARN_RANGE_LOOP_ANALYSIS = YES;
				CLANG_WARN_STRICT_PROTOTYPES = YES;
				CLANG_WARN_SUSPICIOUS_MOVE = YES;
				CLANG_WARN_UNGUARDED_AVAILABILITY = YES_AGGRESSIVE;
				CLANG_WARN_UNREACHABLE_CODE = YES;
				CLANG_WARN__DUPLICATE_METHOD_MATCH = YES;
				COPY_PHASE_STRIP = NO;
				DEBUG_INFORMATION_FORMAT = dwarf;
				ENABLE_STRICT_OBJC_MSGSEND = YES;
				ENABLE_TESTABILITY = YES;
				GCC_C_LANGUAGE_STANDARD = gnu11;
				GCC_DYNAMIC_NO_PIC = NO;
				GCC_NO_COMMON_BLOCKS = YES;
				GCC_OPTIMIZATION_LEVEL = 0;
				GCC_PREPROCESSOR_DEFINITIONS = (
					"DEBUG=1",
					"$(inherited)",
				);
				GCC_WARN_64_TO_32_BIT_CONVERSION = YES;
				GCC_WARN_ABOUT_RETURN_TYPE = YES_ERROR;
				GCC_WARN_UNDECLARED_SELECTOR = YES;
				GCC_WARN_UNINITIALIZED_AUTOS = YES_AGGRESSIVE;
				GCC_WARN_UNUSED_FUNCTION = YES;
				GCC_WARN_UNUSED_VARIABLE = YES;
				IPHONEOS_DEPLOYMENT_TARGET = 16.1;
				MTL_ENABLE_DEBUG_INFO = INCLUDE_SOURCE;
				MTL_FAST_MATH = YES;
				ONLY_ACTIVE_ARCH = YES;
				SDKROOT = iphoneos;
				SWIFT_ACTIVE_COMPILATION_CONDITIONS = DEBUG;
				SWIFT_OPTIMIZATION_LEVEL = "-Onone";
			};
			name = Debug;
		};
		4A290C9429197289008AC4AE /* Release */ = {
			isa = XCBuildConfiguration;
			buildSettings = {
				ALWAYS_SEARCH_USER_PATHS = NO;
				CLANG_ANALYZER_NONNULL = YES;
				CLANG_ANALYZER_NUMBER_OBJECT_CONVERSION = YES_AGGRESSIVE;
				CLANG_CXX_LANGUAGE_STANDARD = "gnu++17";
				CLANG_ENABLE_MODULES = YES;
				CLANG_ENABLE_OBJC_ARC = YES;
				CLANG_ENABLE_OBJC_WEAK = YES;
				CLANG_WARN_BLOCK_CAPTURE_AUTORELEASING = YES;
				CLANG_WARN_BOOL_CONVERSION = YES;
				CLANG_WARN_COMMA = YES;
				CLANG_WARN_CONSTANT_CONVERSION = YES;
				CLANG_WARN_DEPRECATED_OBJC_IMPLEMENTATIONS = YES;
				CLANG_WARN_DIRECT_OBJC_ISA_USAGE = YES_ERROR;
				CLANG_WARN_DOCUMENTATION_COMMENTS = YES;
				CLANG_WARN_EMPTY_BODY = YES;
				CLANG_WARN_ENUM_CONVERSION = YES;
				CLANG_WARN_INFINITE_RECURSION = YES;
				CLANG_WARN_INT_CONVERSION = YES;
				CLANG_WARN_NON_LITERAL_NULL_CONVERSION = YES;
				CLANG_WARN_OBJC_IMPLICIT_RETAIN_SELF = YES;
				CLANG_WARN_OBJC_LITERAL_CONVERSION = YES;
				CLANG_WARN_OBJC_ROOT_CLASS = YES_ERROR;
				CLANG_WARN_QUOTED_INCLUDE_IN_FRAMEWORK_HEADER = YES;
				CLANG_WARN_RANGE_LOOP_ANALYSIS = YES;
				CLANG_WARN_STRICT_PROTOTYPES = YES;
				CLANG_WARN_SUSPICIOUS_MOVE = YES;
				CLANG_WARN_UNGUARDED_AVAILABILITY = YES_AGGRESSIVE;
				CLANG_WARN_UNREACHABLE_CODE = YES;
				CLANG_WARN__DUPLICATE_METHOD_MATCH = YES;
				COPY_PHASE_STRIP = NO;
				DEBUG_INFORMATION_FORMAT = "dwarf-with-dsym";
				ENABLE_NS_ASSERTIONS = NO;
				ENABLE_STRICT_OBJC_MSGSEND = YES;
				GCC_C_LANGUAGE_STANDARD = gnu11;
				GCC_NO_COMMON_BLOCKS = YES;
				GCC_WARN_64_TO_32_BIT_CONVERSION = YES;
				GCC_WARN_ABOUT_RETURN_TYPE = YES_ERROR;
				GCC_WARN_UNDECLARED_SELECTOR = YES;
				GCC_WARN_UNINITIALIZED_AUTOS = YES_AGGRESSIVE;
				GCC_WARN_UNUSED_FUNCTION = YES;
				GCC_WARN_UNUSED_VARIABLE = YES;
				IPHONEOS_DEPLOYMENT_TARGET = 16.1;
				MTL_ENABLE_DEBUG_INFO = NO;
				MTL_FAST_MATH = YES;
				SDKROOT = iphoneos;
				SWIFT_COMPILATION_MODE = wholemodule;
				SWIFT_OPTIMIZATION_LEVEL = "-O";
				VALIDATE_PRODUCT = YES;
			};
			name = Release;
		};
		4A290C9629197289008AC4AE /* Debug */ = {
			isa = XCBuildConfiguration;
			buildSettings = {
				ASSETCATALOG_COMPILER_APPICON_NAME = AppIcon;
				ASSETCATALOG_COMPILER_GLOBAL_ACCENT_COLOR_NAME = AccentColor;
				CODE_SIGN_STYLE = Automatic;
				CURRENT_PROJECT_VERSION = 1;
				DEVELOPMENT_ASSET_PATHS = "\"FinalProject/Preview Content\"";
				DEVELOPMENT_TEAM = DWT6MGT6KU;
				ENABLE_PREVIEWS = YES;
				GENERATE_INFOPLIST_FILE = YES;
				INFOPLIST_KEY_UIApplicationSceneManifest_Generation = YES;
				INFOPLIST_KEY_UIApplicationSupportsIndirectInputEvents = YES;
				INFOPLIST_KEY_UILaunchScreen_Generation = YES;
				INFOPLIST_KEY_UISupportedInterfaceOrientations_iPad = "UIInterfaceOrientationPortrait UIInterfaceOrientationPortraitUpsideDown UIInterfaceOrientationLandscapeLeft UIInterfaceOrientationLandscapeRight";
				INFOPLIST_KEY_UISupportedInterfaceOrientations_iPhone = "UIInterfaceOrientationPortrait UIInterfaceOrientationLandscapeLeft UIInterfaceOrientationLandscapeRight";
				IPHONEOS_DEPLOYMENT_TARGET = 16.1;
				LD_RUNPATH_SEARCH_PATHS = (
					"$(inherited)",
					"@executable_path/Frameworks",
				);
				MARKETING_VERSION = 1.0;
				PRODUCT_BUNDLE_IDENTIFIER = calebf.FinalProject;
				PRODUCT_NAME = "$(TARGET_NAME)";
				SWIFT_EMIT_LOC_STRINGS = YES;
				SWIFT_VERSION = 5.0;
				TARGETED_DEVICE_FAMILY = "1,2";
			};
			name = Debug;
		};
		4A290C9729197289008AC4AE /* Release */ = {
			isa = XCBuildConfiguration;
			buildSettings = {
				ASSETCATALOG_COMPILER_APPICON_NAME = AppIcon;
				ASSETCATALOG_COMPILER_GLOBAL_ACCENT_COLOR_NAME = AccentColor;
				CODE_SIGN_STYLE = Automatic;
				CURRENT_PROJECT_VERSION = 1;
				DEVELOPMENT_ASSET_PATHS = "\"FinalProject/Preview Content\"";
				DEVELOPMENT_TEAM = DWT6MGT6KU;
				ENABLE_PREVIEWS = YES;
				GENERATE_INFOPLIST_FILE = YES;
				INFOPLIST_KEY_UIApplicationSceneManifest_Generation = YES;
				INFOPLIST_KEY_UIApplicationSupportsIndirectInputEvents = YES;
				INFOPLIST_KEY_UILaunchScreen_Generation = YES;
				INFOPLIST_KEY_UISupportedInterfaceOrientations_iPad = "UIInterfaceOrientationPortrait UIInterfaceOrientationPortraitUpsideDown UIInterfaceOrientationLandscapeLeft UIInterfaceOrientationLandscapeRight";
				INFOPLIST_KEY_UISupportedInterfaceOrientations_iPhone = "UIInterfaceOrientationPortrait UIInterfaceOrientationLandscapeLeft UIInterfaceOrientationLandscapeRight";
				IPHONEOS_DEPLOYMENT_TARGET = 16.1;
				LD_RUNPATH_SEARCH_PATHS = (
					"$(inherited)",
					"@executable_path/Frameworks",
				);
				MARKETING_VERSION = 1.0;
				PRODUCT_BUNDLE_IDENTIFIER = calebf.FinalProject;
				PRODUCT_NAME = "$(TARGET_NAME)";
				SWIFT_EMIT_LOC_STRINGS = YES;
				SWIFT_VERSION = 5.0;
				TARGETED_DEVICE_FAMILY = "1,2";
			};
			name = Release;
		};
/* End XCBuildConfiguration section */

/* Begin XCConfigurationList section */
		4A290C8229197288008AC4AE /* Build configuration list for PBXProject "StudyDate" */ = {
			isa = XCConfigurationList;
			buildConfigurations = (
				4A290C9329197289008AC4AE /* Debug */,
				4A290C9429197289008AC4AE /* Release */,
			);
			defaultConfigurationIsVisible = 0;
			defaultConfigurationName = Release;
		};
		4A290C9529197289008AC4AE /* Build configuration list for PBXNativeTarget "FinalProject" */ = {
			isa = XCConfigurationList;
			buildConfigurations = (
				4A290C9629197289008AC4AE /* Debug */,
				4A290C9729197289008AC4AE /* Release */,
			);
			defaultConfigurationIsVisible = 0;
			defaultConfigurationName = Release;
		};
/* End XCConfigurationList section */
	};
	rootObject = 4A290C7F29197288008AC4AE /* Project object */;
}
